
Microsoft Visual Studio Solution File, Format Version 12.00
# Visual Studio 15
VisualStudioVersion = 15.0.27703.2026
MinimumVisualStudioVersion = 10.0.40219.1
Project("{F184B08F-C81C-45F6-A57F-5ABD9991F28F}") = "FastEnumHasFlags", "FastEnumHasFlags\FastEnumHasFlags.vbproj", "{CDFA22F7-1944-4A86-98A6-73F84B874280}"
EndProject
Project("{2150E333-8FDC-42A3-9474-1A3956D46DE8}") = "Solution Items", "Solution Items", "{E209E070-6FDC-429E-BEB5-6C40BB818547}"
	ProjectSection(SolutionItems) = preProject
		README.md = README.md
	EndProjectSection
EndProject
Global
	GlobalSection(SolutionConfigurationPlatforms) = preSolution
		Debug|Any CPU = Debug|Any CPU
		Debug|x64 = Debug|x64
		Debug|x86 = Debug|x86
		Release|Any CPU = Release|Any CPU
		Release|x64 = Release|x64
		Release|x86 = Release|x86
	EndGlobalSection
	GlobalSection(ProjectConfigurationPlatforms) = postSolution
		{CDFA22F7-1944-4A86-98A6-73F84B874280}.Debug|Any CPU.ActiveCfg = Debug|Any CPU
		{CDFA22F7-1944-4A86-98A6-73F84B874280}.Debug|Any CPU.Build.0 = Debug|Any CPU
		{CDFA22F7-1944-4A86-98A6-73F84B874280}.Debug|x64.ActiveCfg = Debug|x64
		{CDFA22F7-1944-4A86-98A6-73F84B874280}.Debug|x64.Build.0 = Debug|x64
		{CDFA22F7-1944-4A86-98A6-73F84B874280}.Debug|x86.ActiveCfg = Debug|x86
		{CDFA22F7-1944-4A86-98A6-73F84B874280}.Debug|x86.Build.0 = Debug|x86
		{CDFA22F7-1944-4A86-98A6-73F84B874280}.Release|Any CPU.ActiveCfg = Release|Any CPU
		{CDFA22F7-1944-4A86-98A6-73F84B874280}.Release|Any CPU.Build.0 = Release|Any CPU
		{CDFA22F7-1944-4A86-98A6-73F84B874280}.Release|x64.ActiveCfg = Release|x64
		{CDFA22F7-1944-4A86-98A6-73F84B874280}.Release|x64.Build.0 = Release|x64
		{CDFA22F7-1944-4A86-98A6-73F84B874280}.Release|x86.ActiveCfg = Release|x86
		{CDFA22F7-1944-4A86-98A6-73F84B874280}.Release|x86.Build.0 = Release|x86
	EndGlobalSection
	GlobalSection(SolutionProperties) = preSolution
		HideSolutionNode = FALSE
	EndGlobalSection
	GlobalSection(ExtensibilityGlobals) = postSolution
		SolutionGuid = {831254A5-59FC-456B-BCA2-3BDF7F3185A6}
	EndGlobalSection
EndGlobal
